// !$*UTF8*$!
{
	archiveVersion = 1;
	classes = {
	};
	objectVersion = 48;
	objects = {

/* Begin PBXBuildFile section */
		9588783519CAC28E11D24B96 /* libPods-MVVMDemo.a in Frameworks */ = {isa = PBXBuildFile; fileRef = ADA53BDDC9ADF9CA28F5B442 /* libPods-MVVMDemo.a */; };
		FC30D93A20624E5900D490C5 /* VCControlCenter.m in Sources */ = {isa = PBXBuildFile; fileRef = FC30D93920624E5900D490C5 /* VCControlCenter.m */; };
		FC66C655205F98C4005EC664 /* UseDataManager.m in Sources */ = {isa = PBXBuildFile; fileRef = FC66C654205F98C4005EC664 /* UseDataManager.m */; };
		FCA7AD8F2057B0C50008BA95 /* AppDelegate.m in Sources */ = {isa = PBXBuildFile; fileRef = FCA7AD8E2057B0C50008BA95 /* AppDelegate.m */; };
		FCA7AD952057B0C60008BA95 /* Main.storyboard in Resources */ = {isa = PBXBuildFile; fileRef = FCA7AD932057B0C60008BA95 /* Main.storyboard */; };
		FCA7AD972057B0C60008BA95 /* Assets.xcassets in Resources */ = {isa = PBXBuildFile; fileRef = FCA7AD962057B0C60008BA95 /* Assets.xcassets */; };
		FCA7AD9A2057B0C60008BA95 /* LaunchScreen.storyboard in Resources */ = {isa = PBXBuildFile; fileRef = FCA7AD982057B0C60008BA95 /* LaunchScreen.storyboard */; };
		FCA7AD9D2057B0C60008BA95 /* main.m in Sources */ = {isa = PBXBuildFile; fileRef = FCA7AD9C2057B0C60008BA95 /* main.m */; };
		FCA7ADA72057B0C60008BA95 /* MVVMDemoTests.m in Sources */ = {isa = PBXBuildFile; fileRef = FCA7ADA62057B0C60008BA95 /* MVVMDemoTests.m */; };
		FCA7ADB22057B0C60008BA95 /* MVVMDemoUITests.m in Sources */ = {isa = PBXBuildFile; fileRef = FCA7ADB12057B0C60008BA95 /* MVVMDemoUITests.m */; };
		FCA7ADCC2057B6BB0008BA95 /* ProductionsViewController.m in Sources */ = {isa = PBXBuildFile; fileRef = FCA7ADCB2057B6BB0008BA95 /* ProductionsViewController.m */; };
		FCA7ADD42057BA100008BA95 /* UIViewExt.m in Sources */ = {isa = PBXBuildFile; fileRef = FCA7ADD32057BA0F0008BA95 /* UIViewExt.m */; };
		FCA7ADD82057BAC50008BA95 /* HTRequest.m in Sources */ = {isa = PBXBuildFile; fileRef = FCA7ADD72057BAC50008BA95 /* HTRequest.m */; };
		FCA7ADDB2057BB3A0008BA95 /* HTResponse.m in Sources */ = {isa = PBXBuildFile; fileRef = FCA7ADDA2057BB3A0008BA95 /* HTResponse.m */; };
		FCA7ADE12057BE8C0008BA95 /* RSA.m in Sources */ = {isa = PBXBuildFile; fileRef = FCA7ADDF2057BE8C0008BA95 /* RSA.m */; };
		FCA7ADE82057C1110008BA95 /* CommonUtils.m in Sources */ = {isa = PBXBuildFile; fileRef = FCA7ADE72057C1110008BA95 /* CommonUtils.m */; };
		FCA7ADEB2057C2470008BA95 /* Config.m in Sources */ = {isa = PBXBuildFile; fileRef = FCA7ADEA2057C2470008BA95 /* Config.m */; };
		FCA7ADF12057C5210008BA95 /* LoginViewController.m in Sources */ = {isa = PBXBuildFile; fileRef = FCA7ADF02057C5210008BA95 /* LoginViewController.m */; };
		FCA7ADF42057C5480008BA95 /* LoginViewModel.m in Sources */ = {isa = PBXBuildFile; fileRef = FCA7ADF32057C5480008BA95 /* LoginViewModel.m */; };
		FCA7ADF72057C5540008BA95 /* AccountModel.m in Sources */ = {isa = PBXBuildFile; fileRef = FCA7ADF62057C5540008BA95 /* AccountModel.m */; };
		FCA7ADFC2057D1160008BA95 /* LoginService.m in Sources */ = {isa = PBXBuildFile; fileRef = FCA7ADFB2057D1160008BA95 /* LoginService.m */; };
		FCA7AE002057D2050008BA95 /* BaseHandler.m in Sources */ = {isa = PBXBuildFile; fileRef = FCA7ADFF2057D2050008BA95 /* BaseHandler.m */; };
		FCA7AE032057D2490008BA95 /* LoginHandler.m in Sources */ = {isa = PBXBuildFile; fileRef = FCA7AE022057D2490008BA95 /* LoginHandler.m */; };
		FCA7AE0A205904730008BA95 /* CommonDataUtils.m in Sources */ = {isa = PBXBuildFile; fileRef = FCA7AE09205904730008BA95 /* CommonDataUtils.m */; };
		FCA7AE0E20591A210008BA95 /* ProductionListTableViewCell.m in Sources */ = {isa = PBXBuildFile; fileRef = FCA7AE0D20591A210008BA95 /* ProductionListTableViewCell.m */; };
		FCA7AE1120591A560008BA95 /* ProductionModel.m in Sources */ = {isa = PBXBuildFile; fileRef = FCA7AE1020591A560008BA95 /* ProductionModel.m */; };
		FCA7AE1420591A660008BA95 /* ProductionViewModel.m in Sources */ = {isa = PBXBuildFile; fileRef = FCA7AE1320591A660008BA95 /* ProductionViewModel.m */; };
		FCA7AE1720591B6C0008BA95 /* UILabel+Helper.m in Sources */ = {isa = PBXBuildFile; fileRef = FCA7AE1620591B6C0008BA95 /* UILabel+Helper.m */; };
		FCA7AE1E205A466A0008BA95 /* UIScrollView+SVInfiniteScrolling.m in Sources */ = {isa = PBXBuildFile; fileRef = FCA7AE1A205A466A0008BA95 /* UIScrollView+SVInfiniteScrolling.m */; };
		FCA7AE1F205A466A0008BA95 /* UIScrollView+SVPullToRefresh.m in Sources */ = {isa = PBXBuildFile; fileRef = FCA7AE1B205A466A0008BA95 /* UIScrollView+SVPullToRefresh.m */; };
		FCA7AE27205A538B0008BA95 /* MetalListViewController.m in Sources */ = {isa = PBXBuildFile; fileRef = FCA7AE26205A538B0008BA95 /* MetalListViewController.m */; };
		FCA7AE2A205A53A00008BA95 /* MetalListViewModel.m in Sources */ = {isa = PBXBuildFile; fileRef = FCA7AE29205A53A00008BA95 /* MetalListViewModel.m */; };
		FCA7AE2D205A53A80008BA95 /* Metal.m in Sources */ = {isa = PBXBuildFile; fileRef = FCA7AE2C205A53A80008BA95 /* Metal.m */; };
		FCA7AE30205A53BB0008BA95 /* MetalCollectionViewCell.m in Sources */ = {isa = PBXBuildFile; fileRef = FCA7AE2F205A53BB0008BA95 /* MetalCollectionViewCell.m */; };
/* End PBXBuildFile section */

/* Begin PBXContainerItemProxy section */
		FCA7ADA32057B0C60008BA95 /* PBXContainerItemProxy */ = {
			isa = PBXContainerItemProxy;
			containerPortal = FCA7AD822057B0C50008BA95 /* Project object */;
			proxyType = 1;
			remoteGlobalIDString = FCA7AD892057B0C50008BA95;
			remoteInfo = MVVMDemo;
		};
		FCA7ADAE2057B0C60008BA95 /* PBXContainerItemProxy */ = {
			isa = PBXContainerItemProxy;
			containerPortal = FCA7AD822057B0C50008BA95 /* Project object */;
			proxyType = 1;
			remoteGlobalIDString = FCA7AD892057B0C50008BA95;
			remoteInfo = MVVMDemo;
		};
/* End PBXContainerItemProxy section */

/* Begin PBXFileReference section */
		9851414C1E3A86F5C39A45A3 /* Pods-MVVMDemo.debug.xcconfig */ = {isa = PBXFileReference; includeInIndex = 1; lastKnownFileType = text.xcconfig; name = "Pods-MVVMDemo.debug.xcconfig"; path = "Pods/Target Support Files/Pods-MVVMDemo/Pods-MVVMDemo.debug.xcconfig"; sourceTree = "<group>"; };
		ADA53BDDC9ADF9CA28F5B442 /* libPods-MVVMDemo.a */ = {isa = PBXFileReference; explicitFileType = archive.ar; includeInIndex = 0; path = "libPods-MVVMDemo.a"; sourceTree = BUILT_PRODUCTS_DIR; };
		AEDFA24BBB9B755472CDA80C /* Pods-MVVMDemo.release.xcconfig */ = {isa = PBXFileReference; includeInIndex = 1; lastKnownFileType = text.xcconfig; name = "Pods-MVVMDemo.release.xcconfig"; path = "Pods/Target Support Files/Pods-MVVMDemo/Pods-MVVMDemo.release.xcconfig"; sourceTree = "<group>"; };
		FC30D93820624E5900D490C5 /* VCControlCenter.h */ = {isa = PBXFileReference; lastKnownFileType = sourcecode.c.h; path = VCControlCenter.h; sourceTree = "<group>"; };
		FC30D93920624E5900D490C5 /* VCControlCenter.m */ = {isa = PBXFileReference; lastKnownFileType = sourcecode.c.objc; path = VCControlCenter.m; sourceTree = "<group>"; };
		FC66C653205F98C4005EC664 /* UseDataManager.h */ = {isa = PBXFileReference; lastKnownFileType = sourcecode.c.h; path = UseDataManager.h; sourceTree = "<group>"; };
		FC66C654205F98C4005EC664 /* UseDataManager.m */ = {isa = PBXFileReference; lastKnownFileType = sourcecode.c.objc; path = UseDataManager.m; sourceTree = "<group>"; };
		FC66C656205F99A5005EC664 /* Single.h */ = {isa = PBXFileReference; fileEncoding = 4; lastKnownFileType = sourcecode.c.h; path = Single.h; sourceTree = "<group>"; };
		FCA7AD8A2057B0C50008BA95 /* MVVMDemo.app */ = {isa = PBXFileReference; explicitFileType = wrapper.application; includeInIndex = 0; path = MVVMDemo.app; sourceTree = BUILT_PRODUCTS_DIR; };
		FCA7AD8D2057B0C50008BA95 /* AppDelegate.h */ = {isa = PBXFileReference; lastKnownFileType = sourcecode.c.h; path = AppDelegate.h; sourceTree = "<group>"; };
		FCA7AD8E2057B0C50008BA95 /* AppDelegate.m */ = {isa = PBXFileReference; lastKnownFileType = sourcecode.c.objc; path = AppDelegate.m; sourceTree = "<group>"; };
		FCA7AD942057B0C60008BA95 /* Base */ = {isa = PBXFileReference; lastKnownFileType = file.storyboard; name = Base; path = Base.lproj/Main.storyboard; sourceTree = "<group>"; };
		FCA7AD962057B0C60008BA95 /* Assets.xcassets */ = {isa = PBXFileReference; lastKnownFileType = folder.assetcatalog; path = Assets.xcassets; sourceTree = "<group>"; };
		FCA7AD992057B0C60008BA95 /* Base */ = {isa = PBXFileReference; lastKnownFileType = file.storyboard; name = Base; path = Base.lproj/LaunchScreen.storyboard; sourceTree = "<group>"; };
		FCA7AD9B2057B0C60008BA95 /* Info.plist */ = {isa = PBXFileReference; lastKnownFileType = text.plist.xml; path = Info.plist; sourceTree = "<group>"; };
		FCA7AD9C2057B0C60008BA95 /* main.m */ = {isa = PBXFileReference; lastKnownFileType = sourcecode.c.objc; path = main.m; sourceTree = "<group>"; };
		FCA7ADA22057B0C60008BA95 /* MVVMDemoTests.xctest */ = {isa = PBXFileReference; explicitFileType = wrapper.cfbundle; includeInIndex = 0; path = MVVMDemoTests.xctest; sourceTree = BUILT_PRODUCTS_DIR; };
		FCA7ADA62057B0C60008BA95 /* MVVMDemoTests.m */ = {isa = PBXFileReference; lastKnownFileType = sourcecode.c.objc; path = MVVMDemoTests.m; sourceTree = "<group>"; };
		FCA7ADA82057B0C60008BA95 /* Info.plist */ = {isa = PBXFileReference; lastKnownFileType = text.plist.xml; path = Info.plist; sourceTree = "<group>"; };
		FCA7ADAD2057B0C60008BA95 /* MVVMDemoUITests.xctest */ = {isa = PBXFileReference; explicitFileType = wrapper.cfbundle; includeInIndex = 0; path = MVVMDemoUITests.xctest; sourceTree = BUILT_PRODUCTS_DIR; };
		FCA7ADB12057B0C60008BA95 /* MVVMDemoUITests.m */ = {isa = PBXFileReference; lastKnownFileType = sourcecode.c.objc; path = MVVMDemoUITests.m; sourceTree = "<group>"; };
		FCA7ADB32057B0C60008BA95 /* Info.plist */ = {isa = PBXFileReference; lastKnownFileType = text.plist.xml; path = Info.plist; sourceTree = "<group>"; };
		FCA7ADCA2057B6BB0008BA95 /* ProductionsViewController.h */ = {isa = PBXFileReference; fileEncoding = 4; lastKnownFileType = sourcecode.c.h; path = ProductionsViewController.h; sourceTree = "<group>"; };
		FCA7ADCB2057B6BB0008BA95 /* ProductionsViewController.m */ = {isa = PBXFileReference; fileEncoding = 4; lastKnownFileType = sourcecode.c.objc; path = ProductionsViewController.m; sourceTree = "<group>"; };
		FCA7ADCD2057B7280008BA95 /* MVVMDemo.pch */ = {isa = PBXFileReference; lastKnownFileType = sourcecode.c.h; path = MVVMDemo.pch; sourceTree = "<group>"; };
		FCA7ADD22057BA0F0008BA95 /* UIViewExt.h */ = {isa = PBXFileReference; fileEncoding = 4; lastKnownFileType = sourcecode.c.h; path = UIViewExt.h; sourceTree = "<group>"; };
		FCA7ADD32057BA0F0008BA95 /* UIViewExt.m */ = {isa = PBXFileReference; fileEncoding = 4; lastKnownFileType = sourcecode.c.objc; path = UIViewExt.m; sourceTree = "<group>"; };
		FCA7ADD62057BAC50008BA95 /* HTRequest.h */ = {isa = PBXFileReference; lastKnownFileType = sourcecode.c.h; path = HTRequest.h; sourceTree = "<group>"; };
		FCA7ADD72057BAC50008BA95 /* HTRequest.m */ = {isa = PBXFileReference; lastKnownFileType = sourcecode.c.objc; path = HTRequest.m; sourceTree = "<group>"; };
		FCA7ADD92057BB3A0008BA95 /* HTResponse.h */ = {isa = PBXFileReference; lastKnownFileType = sourcecode.c.h; path = HTResponse.h; sourceTree = "<group>"; };
		FCA7ADDA2057BB3A0008BA95 /* HTResponse.m */ = {isa = PBXFileReference; lastKnownFileType = sourcecode.c.objc; path = HTResponse.m; sourceTree = "<group>"; };
		FCA7ADDF2057BE8C0008BA95 /* RSA.m */ = {isa = PBXFileReference; fileEncoding = 4; lastKnownFileType = sourcecode.c.objc; path = RSA.m; sourceTree = "<group>"; };
		FCA7ADE02057BE8C0008BA95 /* RSA.h */ = {isa = PBXFileReference; fileEncoding = 4; lastKnownFileType = sourcecode.c.h; path = RSA.h; sourceTree = "<group>"; };
		FCA7ADE42057BF990008BA95 /* define.h */ = {isa = PBXFileReference; lastKnownFileType = sourcecode.c.h; path = define.h; sourceTree = "<group>"; };
		FCA7ADE62057C1110008BA95 /* CommonUtils.h */ = {isa = PBXFileReference; lastKnownFileType = sourcecode.c.h; path = CommonUtils.h; sourceTree = "<group>"; };
		FCA7ADE72057C1110008BA95 /* CommonUtils.m */ = {isa = PBXFileReference; lastKnownFileType = sourcecode.c.objc; path = CommonUtils.m; sourceTree = "<group>"; };
		FCA7ADE92057C2470008BA95 /* Config.h */ = {isa = PBXFileReference; lastKnownFileType = sourcecode.c.h; path = Config.h; sourceTree = "<group>"; };
		FCA7ADEA2057C2470008BA95 /* Config.m */ = {isa = PBXFileReference; lastKnownFileType = sourcecode.c.objc; path = Config.m; sourceTree = "<group>"; };
		FCA7ADEF2057C5210008BA95 /* LoginViewController.h */ = {isa = PBXFileReference; lastKnownFileType = sourcecode.c.h; path = LoginViewController.h; sourceTree = "<group>"; };
		FCA7ADF02057C5210008BA95 /* LoginViewController.m */ = {isa = PBXFileReference; lastKnownFileType = sourcecode.c.objc; path = LoginViewController.m; sourceTree = "<group>"; };
		FCA7ADF22057C5480008BA95 /* LoginViewModel.h */ = {isa = PBXFileReference; lastKnownFileType = sourcecode.c.h; path = LoginViewModel.h; sourceTree = "<group>"; };
		FCA7ADF32057C5480008BA95 /* LoginViewModel.m */ = {isa = PBXFileReference; lastKnownFileType = sourcecode.c.objc; path = LoginViewModel.m; sourceTree = "<group>"; };
		FCA7ADF52057C5540008BA95 /* AccountModel.h */ = {isa = PBXFileReference; lastKnownFileType = sourcecode.c.h; path = AccountModel.h; sourceTree = "<group>"; };
		FCA7ADF62057C5540008BA95 /* AccountModel.m */ = {isa = PBXFileReference; lastKnownFileType = sourcecode.c.objc; path = AccountModel.m; sourceTree = "<group>"; };
		FCA7ADFA2057D1160008BA95 /* LoginService.h */ = {isa = PBXFileReference; lastKnownFileType = sourcecode.c.h; path = LoginService.h; sourceTree = "<group>"; };
		FCA7ADFB2057D1160008BA95 /* LoginService.m */ = {isa = PBXFileReference; lastKnownFileType = sourcecode.c.objc; path = LoginService.m; sourceTree = "<group>"; };
		FCA7ADFE2057D2050008BA95 /* BaseHandler.h */ = {isa = PBXFileReference; lastKnownFileType = sourcecode.c.h; path = BaseHandler.h; sourceTree = "<group>"; };
		FCA7ADFF2057D2050008BA95 /* BaseHandler.m */ = {isa = PBXFileReference; lastKnownFileType = sourcecode.c.objc; path = BaseHandler.m; sourceTree = "<group>"; };
		FCA7AE012057D2490008BA95 /* LoginHandler.h */ = {isa = PBXFileReference; lastKnownFileType = sourcecode.c.h; path = LoginHandler.h; sourceTree = "<group>"; };
		FCA7AE022057D2490008BA95 /* LoginHandler.m */ = {isa = PBXFileReference; lastKnownFileType = sourcecode.c.objc; path = LoginHandler.m; sourceTree = "<group>"; };
		FCA7AE072057D34F0008BA95 /* api.h */ = {isa = PBXFileReference; lastKnownFileType = sourcecode.c.h; path = api.h; sourceTree = "<group>"; };
		FCA7AE08205904730008BA95 /* CommonDataUtils.h */ = {isa = PBXFileReference; lastKnownFileType = sourcecode.c.h; path = CommonDataUtils.h; sourceTree = "<group>"; };
		FCA7AE09205904730008BA95 /* CommonDataUtils.m */ = {isa = PBXFileReference; lastKnownFileType = sourcecode.c.objc; path = CommonDataUtils.m; sourceTree = "<group>"; };
		FCA7AE0B205905DE0008BA95 /* EncoderDecoder.h */ = {isa = PBXFileReference; fileEncoding = 4; lastKnownFileType = sourcecode.c.h; path = EncoderDecoder.h; sourceTree = "<group>"; };
		FCA7AE0C20591A210008BA95 /* ProductionListTableViewCell.h */ = {isa = PBXFileReference; lastKnownFileType = sourcecode.c.h; path = ProductionListTableViewCell.h; sourceTree = "<group>"; };
		FCA7AE0D20591A210008BA95 /* ProductionListTableViewCell.m */ = {isa = PBXFileReference; lastKnownFileType = sourcecode.c.objc; path = ProductionListTableViewCell.m; sourceTree = "<group>"; };
		FCA7AE0F20591A560008BA95 /* ProductionModel.h */ = {isa = PBXFileReference; lastKnownFileType = sourcecode.c.h; path = ProductionModel.h; sourceTree = "<group>"; };
		FCA7AE1020591A560008BA95 /* ProductionModel.m */ = {isa = PBXFileReference; lastKnownFileType = sourcecode.c.objc; path = ProductionModel.m; sourceTree = "<group>"; };
		FCA7AE1220591A660008BA95 /* ProductionViewModel.h */ = {isa = PBXFileReference; lastKnownFileType = sourcecode.c.h; path = ProductionViewModel.h; sourceTree = "<group>"; };
		FCA7AE1320591A660008BA95 /* ProductionViewModel.m */ = {isa = PBXFileReference; lastKnownFileType = sourcecode.c.objc; path = ProductionViewModel.m; sourceTree = "<group>"; };
		FCA7AE1520591B6C0008BA95 /* UILabel+Helper.h */ = {isa = PBXFileReference; lastKnownFileType = sourcecode.c.h; path = "UILabel+Helper.h"; sourceTree = "<group>"; };
		FCA7AE1620591B6C0008BA95 /* UILabel+Helper.m */ = {isa = PBXFileReference; lastKnownFileType = sourcecode.c.objc; path = "UILabel+Helper.m"; sourceTree = "<group>"; };
		FCA7AE19205A466A0008BA95 /* SVPullToRefresh.h */ = {isa = PBXFileReference; fileEncoding = 4; lastKnownFileType = sourcecode.c.h; path = SVPullToRefresh.h; sourceTree = "<group>"; };
		FCA7AE1A205A466A0008BA95 /* UIScrollView+SVInfiniteScrolling.m */ = {isa = PBXFileReference; fileEncoding = 4; lastKnownFileType = sourcecode.c.objc; path = "UIScrollView+SVInfiniteScrolling.m"; sourceTree = "<group>"; };
		FCA7AE1B205A466A0008BA95 /* UIScrollView+SVPullToRefresh.m */ = {isa = PBXFileReference; fileEncoding = 4; lastKnownFileType = sourcecode.c.objc; path = "UIScrollView+SVPullToRefresh.m"; sourceTree = "<group>"; };
		FCA7AE1C205A466A0008BA95 /* UIScrollView+SVInfiniteScrolling.h */ = {isa = PBXFileReference; fileEncoding = 4; lastKnownFileType = sourcecode.c.h; path = "UIScrollView+SVInfiniteScrolling.h"; sourceTree = "<group>"; };
		FCA7AE1D205A466A0008BA95 /* UIScrollView+SVPullToRefresh.h */ = {isa = PBXFileReference; fileEncoding = 4; lastKnownFileType = sourcecode.c.h; path = "UIScrollView+SVPullToRefresh.h"; sourceTree = "<group>"; };
		FCA7AE25205A538B0008BA95 /* MetalListViewController.h */ = {isa = PBXFileReference; lastKnownFileType = sourcecode.c.h; path = MetalListViewController.h; sourceTree = "<group>"; };
		FCA7AE26205A538B0008BA95 /* MetalListViewController.m */ = {isa = PBXFileReference; lastKnownFileType = sourcecode.c.objc; path = MetalListViewController.m; sourceTree = "<group>"; };
		FCA7AE28205A53A00008BA95 /* MetalListViewModel.h */ = {isa = PBXFileReference; lastKnownFileType = sourcecode.c.h; path = MetalListViewModel.h; sourceTree = "<group>"; };
		FCA7AE29205A53A00008BA95 /* MetalListViewModel.m */ = {isa = PBXFileReference; lastKnownFileType = sourcecode.c.objc; path = MetalListViewModel.m; sourceTree = "<group>"; };
		FCA7AE2B205A53A80008BA95 /* Metal.h */ = {isa = PBXFileReference; lastKnownFileType = sourcecode.c.h; path = Metal.h; sourceTree = "<group>"; };
		FCA7AE2C205A53A80008BA95 /* Metal.m */ = {isa = PBXFileReference; lastKnownFileType = sourcecode.c.objc; path = Metal.m; sourceTree = "<group>"; };
		FCA7AE2E205A53BB0008BA95 /* MetalCollectionViewCell.h */ = {isa = PBXFileReference; lastKnownFileType = sourcecode.c.h; path = MetalCollectionViewCell.h; sourceTree = "<group>"; };
		FCA7AE2F205A53BB0008BA95 /* MetalCollectionViewCell.m */ = {isa = PBXFileReference; lastKnownFileType = sourcecode.c.objc; path = MetalCollectionViewCell.m; sourceTree = "<group>"; };
/* End PBXFileReference section */

/* Begin PBXFrameworksBuildPhase section */
		FCA7AD872057B0C50008BA95 /* Frameworks */ = {
			isa = PBXFrameworksBuildPhase;
			buildActionMask = 2147483647;
			files = (
				9588783519CAC28E11D24B96 /* libPods-MVVMDemo.a in Frameworks */,
			);
			runOnlyForDeploymentPostprocessing = 0;
		};
		FCA7AD9F2057B0C60008BA95 /* Frameworks */ = {
			isa = PBXFrameworksBuildPhase;
			buildActionMask = 2147483647;
			files = (
			);
			runOnlyForDeploymentPostprocessing = 0;
		};
		FCA7ADAA2057B0C60008BA95 /* Frameworks */ = {
			isa = PBXFrameworksBuildPhase;
			buildActionMask = 2147483647;
			files = (
			);
			runOnlyForDeploymentPostprocessing = 0;
		};
/* End PBXFrameworksBuildPhase section */

/* Begin PBXGroup section */
		7EB9DB06AF17553F871A316C /* Frameworks */ = {
			isa = PBXGroup;
			children = (
				ADA53BDDC9ADF9CA28F5B442 /* libPods-MVVMDemo.a */,
			);
			name = Frameworks;
			sourceTree = "<group>";
		};
		B788B7B0DC74BECB59E46AAC /* Pods */ = {
			isa = PBXGroup;
			children = (
				9851414C1E3A86F5C39A45A3 /* Pods-MVVMDemo.debug.xcconfig */,
				AEDFA24BBB9B755472CDA80C /* Pods-MVVMDemo.release.xcconfig */,
			);
			name = Pods;
			sourceTree = "<group>";
		};
		FC30D93720624E4900D490C5 /* VCControlCenter */ = {
			isa = PBXGroup;
			children = (
				FC30D93820624E5900D490C5 /* VCControlCenter.h */,
				FC30D93920624E5900D490C5 /* VCControlCenter.m */,
			);
			path = VCControlCenter;
			sourceTree = "<group>";
		};
		FCA7AD812057B0C50008BA95 = {
			isa = PBXGroup;
			children = (
				FCA7AD8C2057B0C50008BA95 /* MVVMDemo */,
				FCA7ADA52057B0C60008BA95 /* MVVMDemoTests */,
				FCA7ADB02057B0C60008BA95 /* MVVMDemoUITests */,
				FCA7AD8B2057B0C50008BA95 /* Products */,
				B788B7B0DC74BECB59E46AAC /* Pods */,
				7EB9DB06AF17553F871A316C /* Frameworks */,
			);
			sourceTree = "<group>";
		};
		FCA7AD8B2057B0C50008BA95 /* Products */ = {
			isa = PBXGroup;
			children = (
				FCA7AD8A2057B0C50008BA95 /* MVVMDemo.app */,
				FCA7ADA22057B0C60008BA95 /* MVVMDemoTests.xctest */,
				FCA7ADAD2057B0C60008BA95 /* MVVMDemoUITests.xctest */,
			);
			name = Products;
			sourceTree = "<group>";
		};
		FCA7AD8C2057B0C50008BA95 /* MVVMDemo */ = {
			isa = PBXGroup;
			children = (
				FC30D93720624E4900D490C5 /* VCControlCenter */,
				FCA7ADFD2057D1C50008BA95 /* base */,
				FCA7ADF92057D0FA0008BA95 /* handler */,
				FCA7ADF82057D0F00008BA95 /* service */,
				FCA7ADE52057C0F50008BA95 /* tools */,
				FCA7ADE32057BF800008BA95 /* config */,
				FCA7ADDD2057BE5B0008BA95 /* lib */,
				FCA7ADDC2057BDF70008BA95 /* login */,
				FCA7ADD52057BA910008BA95 /* networking */,
				FCA7ADD12057B9FF0008BA95 /* category */,
				FCA7AD8D2057B0C50008BA95 /* AppDelegate.h */,
				FCA7AD8E2057B0C50008BA95 /* AppDelegate.m */,
				FCA7ADCD2057B7280008BA95 /* MVVMDemo.pch */,
				FCA7ADC22057B5F30008BA95 /* productions */,
				FCA7AE20205A534A0008BA95 /* metal */,
				FCA7AD932057B0C60008BA95 /* Main.storyboard */,
				FCA7AD962057B0C60008BA95 /* Assets.xcassets */,
				FCA7AD982057B0C60008BA95 /* LaunchScreen.storyboard */,
				FCA7AD9B2057B0C60008BA95 /* Info.plist */,
				FCA7AD9C2057B0C60008BA95 /* main.m */,
			);
			path = MVVMDemo;
			sourceTree = "<group>";
		};
		FCA7ADA52057B0C60008BA95 /* MVVMDemoTests */ = {
			isa = PBXGroup;
			children = (
				FCA7ADA62057B0C60008BA95 /* MVVMDemoTests.m */,
				FCA7ADA82057B0C60008BA95 /* Info.plist */,
			);
			path = MVVMDemoTests;
			sourceTree = "<group>";
		};
		FCA7ADB02057B0C60008BA95 /* MVVMDemoUITests */ = {
			isa = PBXGroup;
			children = (
				FCA7ADB12057B0C60008BA95 /* MVVMDemoUITests.m */,
				FCA7ADB32057B0C60008BA95 /* Info.plist */,
			);
			path = MVVMDemoUITests;
			sourceTree = "<group>";
		};
		FCA7ADC22057B5F30008BA95 /* productions */ = {
			isa = PBXGroup;
			children = (
				FCA7ADC92057B6A40008BA95 /* view */,
				FCA7ADC82057B69C0008BA95 /* model */,
				FCA7ADC72057B6940008BA95 /* viewmodel */,
				FCA7ADC62057B68B0008BA95 /* viewcontrollers */,
			);
			path = productions;
			sourceTree = "<group>";
		};
		FCA7ADC62057B68B0008BA95 /* viewcontrollers */ = {
			isa = PBXGroup;
			children = (
				FCA7ADCA2057B6BB0008BA95 /* ProductionsViewController.h */,
				FCA7ADCB2057B6BB0008BA95 /* ProductionsViewController.m */,
			);
			path = viewcontrollers;
			sourceTree = "<group>";
		};
		FCA7ADC72057B6940008BA95 /* viewmodel */ = {
			isa = PBXGroup;
			children = (
				FCA7AE1220591A660008BA95 /* ProductionViewModel.h */,
				FCA7AE1320591A660008BA95 /* ProductionViewModel.m */,
			);
			path = viewmodel;
			sourceTree = "<group>";
		};
		FCA7ADC82057B69C0008BA95 /* model */ = {
			isa = PBXGroup;
			children = (
				FCA7AE0F20591A560008BA95 /* ProductionModel.h */,
				FCA7AE1020591A560008BA95 /* ProductionModel.m */,
			);
			path = model;
			sourceTree = "<group>";
		};
		FCA7ADC92057B6A40008BA95 /* view */ = {
			isa = PBXGroup;
			children = (
				FCA7AE0C20591A210008BA95 /* ProductionListTableViewCell.h */,
				FCA7AE0D20591A210008BA95 /* ProductionListTableViewCell.m */,
			);
			path = view;
			sourceTree = "<group>";
		};
		FCA7ADD12057B9FF0008BA95 /* category */ = {
			isa = PBXGroup;
			children = (
				FCA7ADD22057BA0F0008BA95 /* UIViewExt.h */,
				FCA7ADD32057BA0F0008BA95 /* UIViewExt.m */,
				FCA7AE1520591B6C0008BA95 /* UILabel+Helper.h */,
				FCA7AE1620591B6C0008BA95 /* UILabel+Helper.m */,
			);
			path = category;
			sourceTree = "<group>";
		};
		FCA7ADD52057BA910008BA95 /* networking */ = {
			isa = PBXGroup;
			children = (
				FCA7ADD62057BAC50008BA95 /* HTRequest.h */,
				FCA7ADD72057BAC50008BA95 /* HTRequest.m */,
				FCA7ADD92057BB3A0008BA95 /* HTResponse.h */,
				FCA7ADDA2057BB3A0008BA95 /* HTResponse.m */,
			);
			path = networking;
			sourceTree = "<group>";
		};
		FCA7ADDC2057BDF70008BA95 /* login */ = {
			isa = PBXGroup;
			children = (
				FCA7ADEE2057C4BD0008BA95 /* model */,
				FCA7ADED2057C4B50008BA95 /* viewModel */,
				FCA7ADEC2057C4A90008BA95 /* viewcontroller */,
			);
			path = login;
			sourceTree = "<group>";
		};
		FCA7ADDD2057BE5B0008BA95 /* lib */ = {
			isa = PBXGroup;
			children = (
				FCA7AE18205A466A0008BA95 /* SVPullToRefresh */,
				FCA7ADDE2057BE8C0008BA95 /* rsa */,
			);
			path = lib;
			sourceTree = "<group>";
		};
		FCA7ADDE2057BE8C0008BA95 /* rsa */ = {
			isa = PBXGroup;
			children = (
				FCA7ADDF2057BE8C0008BA95 /* RSA.m */,
				FCA7ADE02057BE8C0008BA95 /* RSA.h */,
			);
			path = rsa;
			sourceTree = "<group>";
		};
		FCA7ADE32057BF800008BA95 /* config */ = {
			isa = PBXGroup;
			children = (
				FC66C656205F99A5005EC664 /* Single.h */,
				FCA7AE0B205905DE0008BA95 /* EncoderDecoder.h */,
				FCA7ADE42057BF990008BA95 /* define.h */,
				FCA7ADE92057C2470008BA95 /* Config.h */,
				FCA7ADEA2057C2470008BA95 /* Config.m */,
				FCA7AE072057D34F0008BA95 /* api.h */,
			);
			path = config;
			sourceTree = "<group>";
		};
		FCA7ADE52057C0F50008BA95 /* tools */ = {
			isa = PBXGroup;
			children = (
				FCA7ADE62057C1110008BA95 /* CommonUtils.h */,
				FCA7ADE72057C1110008BA95 /* CommonUtils.m */,
				FCA7AE08205904730008BA95 /* CommonDataUtils.h */,
				FCA7AE09205904730008BA95 /* CommonDataUtils.m */,
				FC66C653205F98C4005EC664 /* UseDataManager.h */,
				FC66C654205F98C4005EC664 /* UseDataManager.m */,
			);
			path = tools;
			sourceTree = "<group>";
		};
		FCA7ADEC2057C4A90008BA95 /* viewcontroller */ = {
			isa = PBXGroup;
			children = (
				FCA7ADEF2057C5210008BA95 /* LoginViewController.h */,
				FCA7ADF02057C5210008BA95 /* LoginViewController.m */,
			);
			path = viewcontroller;
			sourceTree = "<group>";
		};
		FCA7ADED2057C4B50008BA95 /* viewModel */ = {
			isa = PBXGroup;
			children = (
				FCA7ADF22057C5480008BA95 /* LoginViewModel.h */,
				FCA7ADF32057C5480008BA95 /* LoginViewModel.m */,
			);
			path = viewModel;
			sourceTree = "<group>";
		};
		FCA7ADEE2057C4BD0008BA95 /* model */ = {
			isa = PBXGroup;
			children = (
				FCA7ADF52057C5540008BA95 /* AccountModel.h */,
				FCA7ADF62057C5540008BA95 /* AccountModel.m */,
			);
			path = model;
			sourceTree = "<group>";
		};
		FCA7ADF82057D0F00008BA95 /* service */ = {
			isa = PBXGroup;
			children = (
				FCA7ADFA2057D1160008BA95 /* LoginService.h */,
				FCA7ADFB2057D1160008BA95 /* LoginService.m */,
			);
			path = service;
			sourceTree = "<group>";
		};
		FCA7ADF92057D0FA0008BA95 /* handler */ = {
			isa = PBXGroup;
			children = (
				FCA7AE012057D2490008BA95 /* LoginHandler.h */,
				FCA7AE022057D2490008BA95 /* LoginHandler.m */,
			);
			path = handler;
			sourceTree = "<group>";
		};
		FCA7ADFD2057D1C50008BA95 /* base */ = {
			isa = PBXGroup;
			children = (
				FCA7ADFE2057D2050008BA95 /* BaseHandler.h */,
				FCA7ADFF2057D2050008BA95 /* BaseHandler.m */,
			);
			path = base;
			sourceTree = "<group>";
		};
		FCA7AE18205A466A0008BA95 /* SVPullToRefresh */ = {
			isa = PBXGroup;
			children = (
				FCA7AE19205A466A0008BA95 /* SVPullToRefresh.h */,
				FCA7AE1A205A466A0008BA95 /* UIScrollView+SVInfiniteScrolling.m */,
				FCA7AE1B205A466A0008BA95 /* UIScrollView+SVPullToRefresh.m */,
				FCA7AE1C205A466A0008BA95 /* UIScrollView+SVInfiniteScrolling.h */,
				FCA7AE1D205A466A0008BA95 /* UIScrollView+SVPullToRefresh.h */,
			);
			path = SVPullToRefresh;
			sourceTree = "<group>";
		};
		FCA7AE20205A534A0008BA95 /* metal */ = {
			isa = PBXGroup;
			children = (
				FCA7AE24205A537A0008BA95 /* viewcontrollers */,
				FCA7AE23205A536C0008BA95 /* viewmodel */,
				FCA7AE22205A53640008BA95 /* model */,
				FCA7AE21205A535B0008BA95 /* view */,
			);
			path = metal;
			sourceTree = "<group>";
		};
		FCA7AE21205A535B0008BA95 /* view */ = {
			isa = PBXGroup;
			children = (
				FCA7AE2E205A53BB0008BA95 /* MetalCollectionViewCell.h */,
				FCA7AE2F205A53BB0008BA95 /* MetalCollectionViewCell.m */,
			);
			path = view;
			sourceTree = "<group>";
		};
		FCA7AE22205A53640008BA95 /* model */ = {
			isa = PBXGroup;
			children = (
				FCA7AE2B205A53A80008BA95 /* Metal.h */,
				FCA7AE2C205A53A80008BA95 /* Metal.m */,
			);
			path = model;
			sourceTree = "<group>";
		};
		FCA7AE23205A536C0008BA95 /* viewmodel */ = {
			isa = PBXGroup;
			children = (
				FCA7AE28205A53A00008BA95 /* MetalListViewModel.h */,
				FCA7AE29205A53A00008BA95 /* MetalListViewModel.m */,
			);
			path = viewmodel;
			sourceTree = "<group>";
		};
		FCA7AE24205A537A0008BA95 /* viewcontrollers */ = {
			isa = PBXGroup;
			children = (
				FCA7AE25205A538B0008BA95 /* MetalListViewController.h */,
				FCA7AE26205A538B0008BA95 /* MetalListViewController.m */,
			);
			path = viewcontrollers;
			sourceTree = "<group>";
		};
/* End PBXGroup section */

/* Begin PBXNativeTarget section */
		FCA7AD892057B0C50008BA95 /* MVVMDemo */ = {
			isa = PBXNativeTarget;
			buildConfigurationList = FCA7ADB62057B0C60008BA95 /* Build configuration list for PBXNativeTarget "MVVMDemo" */;
			buildPhases = (
				6FAD5FEFE649B464498C9F97 /* [CP] Check Pods Manifest.lock */,
				FCA7AD862057B0C50008BA95 /* Sources */,
				FCA7AD872057B0C50008BA95 /* Frameworks */,
				FCA7AD882057B0C50008BA95 /* Resources */,
				3C762F62C5F194E191B0EF41 /* [CP] Embed Pods Frameworks */,
				489DE35500941287C48F9932 /* [CP] Copy Pods Resources */,
			);
			buildRules = (
			);
			dependencies = (
			);
			name = MVVMDemo;
			productName = MVVMDemo;
			productReference = FCA7AD8A2057B0C50008BA95 /* MVVMDemo.app */;
			productType = "com.apple.product-type.application";
		};
		FCA7ADA12057B0C60008BA95 /* MVVMDemoTests */ = {
			isa = PBXNativeTarget;
			buildConfigurationList = FCA7ADB92057B0C60008BA95 /* Build configuration list for PBXNativeTarget "MVVMDemoTests" */;
			buildPhases = (
				FCA7AD9E2057B0C60008BA95 /* Sources */,
				FCA7AD9F2057B0C60008BA95 /* Frameworks */,
				FCA7ADA02057B0C60008BA95 /* Resources */,
			);
			buildRules = (
			);
			dependencies = (
				FCA7ADA42057B0C60008BA95 /* PBXTargetDependency */,
			);
			name = MVVMDemoTests;
			productName = MVVMDemoTests;
			productReference = FCA7ADA22057B0C60008BA95 /* MVVMDemoTests.xctest */;
			productType = "com.apple.product-type.bundle.unit-test";
		};
		FCA7ADAC2057B0C60008BA95 /* MVVMDemoUITests */ = {
			isa = PBXNativeTarget;
			buildConfigurationList = FCA7ADBC2057B0C60008BA95 /* Build configuration list for PBXNativeTarget "MVVMDemoUITests" */;
			buildPhases = (
				FCA7ADA92057B0C60008BA95 /* Sources */,
				FCA7ADAA2057B0C60008BA95 /* Frameworks */,
				FCA7ADAB2057B0C60008BA95 /* Resources */,
			);
			buildRules = (
			);
			dependencies = (
				FCA7ADAF2057B0C60008BA95 /* PBXTargetDependency */,
			);
			name = MVVMDemoUITests;
			productName = MVVMDemoUITests;
			productReference = FCA7ADAD2057B0C60008BA95 /* MVVMDemoUITests.xctest */;
			productType = "com.apple.product-type.bundle.ui-testing";
		};
/* End PBXNativeTarget section */

/* Begin PBXProject section */
		FCA7AD822057B0C50008BA95 /* Project object */ = {
			isa = PBXProject;
			attributes = {
				LastUpgradeCheck = 0920;
				ORGANIZATIONNAME = zhanghaitao;
				TargetAttributes = {
					FCA7AD892057B0C50008BA95 = {
						CreatedOnToolsVersion = 9.2;
						ProvisioningStyle = Automatic;
					};
					FCA7ADA12057B0C60008BA95 = {
						CreatedOnToolsVersion = 9.2;
						ProvisioningStyle = Automatic;
						TestTargetID = FCA7AD892057B0C50008BA95;
					};
					FCA7ADAC2057B0C60008BA95 = {
						CreatedOnToolsVersion = 9.2;
						ProvisioningStyle = Automatic;
						TestTargetID = FCA7AD892057B0C50008BA95;
					};
				};
			};
			buildConfigurationList = FCA7AD852057B0C50008BA95 /* Build configuration list for PBXProject "MVVMDemo" */;
			compatibilityVersion = "Xcode 8.0";
			developmentRegion = en;
			hasScannedForEncodings = 0;
			knownRegions = (
				en,
				Base,
			);
			mainGroup = FCA7AD812057B0C50008BA95;
			productRefGroup = FCA7AD8B2057B0C50008BA95 /* Products */;
			projectDirPath = "";
			projectRoot = "";
			targets = (
				FCA7AD892057B0C50008BA95 /* MVVMDemo */,
				FCA7ADA12057B0C60008BA95 /* MVVMDemoTests */,
				FCA7ADAC2057B0C60008BA95 /* MVVMDemoUITests */,
			);
		};
/* End PBXProject section */

/* Begin PBXResourcesBuildPhase section */
		FCA7AD882057B0C50008BA95 /* Resources */ = {
			isa = PBXResourcesBuildPhase;
			buildActionMask = 2147483647;
			files = (
				FCA7AD9A2057B0C60008BA95 /* LaunchScreen.storyboard in Resources */,
				FCA7AD972057B0C60008BA95 /* Assets.xcassets in Resources */,
				FCA7AD952057B0C60008BA95 /* Main.storyboard in Resources */,
			);
			runOnlyForDeploymentPostprocessing = 0;
		};
		FCA7ADA02057B0C60008BA95 /* Resources */ = {
			isa = PBXResourcesBuildPhase;
			buildActionMask = 2147483647;
			files = (
			);
			runOnlyForDeploymentPostprocessing = 0;
		};
		FCA7ADAB2057B0C60008BA95 /* Resources */ = {
			isa = PBXResourcesBuildPhase;
			buildActionMask = 2147483647;
			files = (
			);
			runOnlyForDeploymentPostprocessing = 0;
		};
/* End PBXResourcesBuildPhase section */

/* Begin PBXShellScriptBuildPhase section */
		3C762F62C5F194E191B0EF41 /* [CP] Embed Pods Frameworks */ = {
			isa = PBXShellScriptBuildPhase;
			buildActionMask = 2147483647;
			files = (
			);
			inputPaths = (
			);
			name = "[CP] Embed Pods Frameworks";
			outputPaths = (
			);
			runOnlyForDeploymentPostprocessing = 0;
			shellPath = /bin/sh;
			shellScript = "\"${SRCROOT}/Pods/Target Support Files/Pods-MVVMDemo/Pods-MVVMDemo-frameworks.sh\"\n";
			showEnvVarsInLog = 0;
		};
		489DE35500941287C48F9932 /* [CP] Copy Pods Resources */ = {
			isa = PBXShellScriptBuildPhase;
			buildActionMask = 2147483647;
			files = (
			);
			inputPaths = (
			);
			name = "[CP] Copy Pods Resources";
			outputPaths = (
			);
			runOnlyForDeploymentPostprocessing = 0;
			shellPath = /bin/sh;
			shellScript = "\"${SRCROOT}/Pods/Target Support Files/Pods-MVVMDemo/Pods-MVVMDemo-resources.sh\"\n";
			showEnvVarsInLog = 0;
		};
		6FAD5FEFE649B464498C9F97 /* [CP] Check Pods Manifest.lock */ = {
			isa = PBXShellScriptBuildPhase;
			buildActionMask = 2147483647;
			files = (
			);
			inputPaths = (
				"${PODS_PODFILE_DIR_PATH}/Podfile.lock",
				"${PODS_ROOT}/Manifest.lock",
			);
			name = "[CP] Check Pods Manifest.lock";
			outputPaths = (
				"$(DERIVED_FILE_DIR)/Pods-MVVMDemo-checkManifestLockResult.txt",
			);
			runOnlyForDeploymentPostprocessing = 0;
			shellPath = /bin/sh;
			shellScript = "diff \"${PODS_PODFILE_DIR_PATH}/Podfile.lock\" \"${PODS_ROOT}/Manifest.lock\" > /dev/null\nif [ $? != 0 ] ; then\n    # print error to STDERR\n    echo \"error: The sandbox is not in sync with the Podfile.lock. Run 'pod install' or update your CocoaPods installation.\" >&2\n    exit 1\nfi\n# This output is used by Xcode 'outputs' to avoid re-running this script phase.\necho \"SUCCESS\" > \"${SCRIPT_OUTPUT_FILE_0}\"\n";
			showEnvVarsInLog = 0;
		};
/* End PBXShellScriptBuildPhase section */

/* Begin PBXSourcesBuildPhase section */
		FCA7AD862057B0C50008BA95 /* Sources */ = {
			isa = PBXSourcesBuildPhase;
			buildActionMask = 2147483647;
			files = (
				FCA7AE30205A53BB0008BA95 /* MetalCollectionViewCell.m in Sources */,
				FCA7AE032057D2490008BA95 /* LoginHandler.m in Sources */,
				FCA7ADDB2057BB3A0008BA95 /* HTResponse.m in Sources */,
				FC30D93A20624E5900D490C5 /* VCControlCenter.m in Sources */,
				FCA7AD9D2057B0C60008BA95 /* main.m in Sources */,
				FCA7ADD82057BAC50008BA95 /* HTRequest.m in Sources */,
				FCA7AE1720591B6C0008BA95 /* UILabel+Helper.m in Sources */,
				FCA7AE2D205A53A80008BA95 /* Metal.m in Sources */,
				FCA7AE1E205A466A0008BA95 /* UIScrollView+SVInfiniteScrolling.m in Sources */,
				FCA7AE002057D2050008BA95 /* BaseHandler.m in Sources */,
				FCA7AE0E20591A210008BA95 /* ProductionListTableViewCell.m in Sources */,
				FCA7AE1120591A560008BA95 /* ProductionModel.m in Sources */,
				FCA7ADCC2057B6BB0008BA95 /* ProductionsViewController.m in Sources */,
				FCA7AE2A205A53A00008BA95 /* MetalListViewModel.m in Sources */,
				FCA7ADE82057C1110008BA95 /* CommonUtils.m in Sources */,
				FCA7ADEB2057C2470008BA95 /* Config.m in Sources */,
				FCA7AE1F205A466A0008BA95 /* UIScrollView+SVPullToRefresh.m in Sources */,
				FCA7AE0A205904730008BA95 /* CommonDataUtils.m in Sources */,
				FCA7ADD42057BA100008BA95 /* UIViewExt.m in Sources */,
				FCA7ADFC2057D1160008BA95 /* LoginService.m in Sources */,
				FCA7AD8F2057B0C50008BA95 /* AppDelegate.m in Sources */,
				FCA7ADF42057C5480008BA95 /* LoginViewModel.m in Sources */,
				FCA7ADE12057BE8C0008BA95 /* RSA.m in Sources */,
				FCA7ADF12057C5210008BA95 /* LoginViewController.m in Sources */,
				FCA7AE27205A538B0008BA95 /* MetalListViewController.m in Sources */,
				FCA7AE1420591A660008BA95 /* ProductionViewModel.m in Sources */,
				FC66C655205F98C4005EC664 /* UseDataManager.m in Sources */,
				FCA7ADF72057C5540008BA95 /* AccountModel.m in Sources */,
			);
			runOnlyForDeploymentPostprocessing = 0;
		};
		FCA7AD9E2057B0C60008BA95 /* Sources */ = {
			isa = PBXSourcesBuildPhase;
			buildActionMask = 2147483647;
			files = (
				FCA7ADA72057B0C60008BA95 /* MVVMDemoTests.m in Sources */,
			);
			runOnlyForDeploymentPostprocessing = 0;
		};
		FCA7ADA92057B0C60008BA95 /* Sources */ = {
			isa = PBXSourcesBuildPhase;
			buildActionMask = 2147483647;
			files = (
				FCA7ADB22057B0C60008BA95 /* MVVMDemoUITests.m in Sources */,
			);
			runOnlyForDeploymentPostprocessing = 0;
		};
/* End PBXSourcesBuildPhase section */

/* Begin PBXTargetDependency section */
		FCA7ADA42057B0C60008BA95 /* PBXTargetDependency */ = {
			isa = PBXTargetDependency;
			target = FCA7AD892057B0C50008BA95 /* MVVMDemo */;
			targetProxy = FCA7ADA32057B0C60008BA95 /* PBXContainerItemProxy */;
		};
		FCA7ADAF2057B0C60008BA95 /* PBXTargetDependency */ = {
			isa = PBXTargetDependency;
			target = FCA7AD892057B0C50008BA95 /* MVVMDemo */;
			targetProxy = FCA7ADAE2057B0C60008BA95 /* PBXContainerItemProxy */;
		};
/* End PBXTargetDependency section */

/* Begin PBXVariantGroup section */
		FCA7AD932057B0C60008BA95 /* Main.storyboard */ = {
			isa = PBXVariantGroup;
			children = (
				FCA7AD942057B0C60008BA95 /* Base */,
			);
			name = Main.storyboard;
			sourceTree = "<group>";
		};
		FCA7AD982057B0C60008BA95 /* LaunchScreen.storyboard */ = {
			isa = PBXVariantGroup;
			children = (
				FCA7AD992057B0C60008BA95 /* Base */,
			);
			name = LaunchScreen.storyboard;
			sourceTree = "<group>";
		};
/* End PBXVariantGroup section */

/* Begin XCBuildConfiguration section */
		FCA7ADB42057B0C60008BA95 /* Debug */ = {
			isa = XCBuildConfiguration;
			buildSettings = {
				ALWAYS_SEARCH_USER_PATHS = NO;
				CLANG_ANALYZER_NONNULL = YES;
				CLANG_ANALYZER_NUMBER_OBJECT_CONVERSION = YES_AGGRESSIVE;
				CLANG_CXX_LANGUAGE_STANDARD = "gnu++14";
				CLANG_CXX_LIBRARY = "libc++";
				CLANG_ENABLE_MODULES = YES;
				CLANG_ENABLE_OBJC_ARC = YES;
				CLANG_WARN_BLOCK_CAPTURE_AUTORELEASING = YES;
				CLANG_WARN_BOOL_CONVERSION = YES;
				CLANG_WARN_COMMA = YES;
				CLANG_WARN_CONSTANT_CONVERSION = YES;
				CLANG_WARN_DIRECT_OBJC_ISA_USAGE = YES_ERROR;
				CLANG_WARN_DOCUMENTATION_COMMENTS = YES;
				CLANG_WARN_EMPTY_BODY = YES;
				CLANG_WARN_ENUM_CONVERSION = YES;
				CLANG_WARN_INFINITE_RECURSION = YES;
				CLANG_WARN_INT_CONVERSION = YES;
				CLANG_WARN_NON_LITERAL_NULL_CONVERSION = YES;
				CLANG_WARN_OBJC_LITERAL_CONVERSION = YES;
				CLANG_WARN_OBJC_ROOT_CLASS = YES_ERROR;
				CLANG_WARN_RANGE_LOOP_ANALYSIS = YES;
				CLANG_WARN_STRICT_PROTOTYPES = YES;
				CLANG_WARN_SUSPICIOUS_MOVE = YES;
				CLANG_WARN_UNGUARDED_AVAILABILITY = YES_AGGRESSIVE;
				CLANG_WARN_UNREACHABLE_CODE = YES;
				CLANG_WARN__DUPLICATE_METHOD_MATCH = YES;
				CODE_SIGN_IDENTITY = "iPhone Developer";
				COPY_PHASE_STRIP = NO;
				DEBUG_INFORMATION_FORMAT = dwarf;
				ENABLE_STRICT_OBJC_MSGSEND = YES;
				ENABLE_TESTABILITY = YES;
				GCC_C_LANGUAGE_STANDARD = gnu11;
				GCC_DYNAMIC_NO_PIC = NO;
				GCC_NO_COMMON_BLOCKS = YES;
				GCC_OPTIMIZATION_LEVEL = 0;
				GCC_PREPROCESSOR_DEFINITIONS = (
					"DEBUG=1",
					"$(inherited)",
				);
				GCC_WARN_64_TO_32_BIT_CONVERSION = YES;
				GCC_WARN_ABOUT_RETURN_TYPE = YES_ERROR;
				GCC_WARN_UNDECLARED_SELECTOR = YES;
				GCC_WARN_UNINITIALIZED_AUTOS = YES_AGGRESSIVE;
				GCC_WARN_UNUSED_FUNCTION = YES;
				GCC_WARN_UNUSED_VARIABLE = YES;
				IPHONEOS_DEPLOYMENT_TARGET = 11.2;
				MTL_ENABLE_DEBUG_INFO = YES;
				ONLY_ACTIVE_ARCH = YES;
				SDKROOT = iphoneos;
			};
			name = Debug;
		};
		FCA7ADB52057B0C60008BA95 /* Release */ = {
			isa = XCBuildConfiguration;
			buildSettings = {
				ALWAYS_SEARCH_USER_PATHS = NO;
				CLANG_ANALYZER_NONNULL = YES;
				CLANG_ANALYZER_NUMBER_OBJECT_CONVERSION = YES_AGGRESSIVE;
				CLANG_CXX_LANGUAGE_STANDARD = "gnu++14";
				CLANG_CXX_LIBRARY = "libc++";
				CLANG_ENABLE_MODULES = YES;
				CLANG_ENABLE_OBJC_ARC = YES;
				CLANG_WARN_BLOCK_CAPTURE_AUTORELEASING = YES;
				CLANG_WARN_BOOL_CONVERSION = YES;
				CLANG_WARN_COMMA = YES;
				CLANG_WARN_CONSTANT_CONVERSION = YES;
				CLANG_WARN_DIRECT_OBJC_ISA_USAGE = YES_ERROR;
				CLANG_WARN_DOCUMENTATION_COMMENTS = YES;
				CLANG_WARN_EMPTY_BODY = YES;
				CLANG_WARN_ENUM_CONVERSION = YES;
				CLANG_WARN_INFINITE_RECURSION = YES;
				CLANG_WARN_INT_CONVERSION = YES;
				CLANG_WARN_NON_LITERAL_NULL_CONVERSION = YES;
				CLANG_WARN_OBJC_LITERAL_CONVERSION = YES;
				CLANG_WARN_OBJC_ROOT_CLASS = YES_ERROR;
				CLANG_WARN_RANGE_LOOP_ANALYSIS = YES;
				CLANG_WARN_STRICT_PROTOTYPES = YES;
				CLANG_WARN_SUSPICIOUS_MOVE = YES;
				CLANG_WARN_UNGUARDED_AVAILABILITY = YES_AGGRESSIVE;
				CLANG_WARN_UNREACHABLE_CODE = YES;
				CLANG_WARN__DUPLICATE_METHOD_MATCH = YES;
				CODE_SIGN_IDENTITY = "iPhone Developer";
				COPY_PHASE_STRIP = NO;
				DEBUG_INFORMATION_FORMAT = "dwarf-with-dsym";
				ENABLE_NS_ASSERTIONS = NO;
				ENABLE_STRICT_OBJC_MSGSEND = YES;
				GCC_C_LANGUAGE_STANDARD = gnu11;
				GCC_NO_COMMON_BLOCKS = YES;
				GCC_WARN_64_TO_32_BIT_CONVERSION = YES;
				GCC_WARN_ABOUT_RETURN_TYPE = YES_ERROR;
				GCC_WARN_UNDECLARED_SELECTOR = YES;
				GCC_WARN_UNINITIALIZED_AUTOS = YES_AGGRESSIVE;
				GCC_WARN_UNUSED_FUNCTION = YES;
				GCC_WARN_UNUSED_VARIABLE = YES;
				IPHONEOS_DEPLOYMENT_TARGET = 11.2;
				MTL_ENABLE_DEBUG_INFO = NO;
				SDKROOT = iphoneos;
				VALIDATE_PRODUCT = YES;
			};
			name = Release;
		};
		FCA7ADB72057B0C60008BA95 /* Debug */ = {
			isa = XCBuildConfiguration;
			baseConfigurationReference = 9851414C1E3A86F5C39A45A3 /* Pods-MVVMDemo.debug.xcconfig */;
			buildSettings = {
				ASSETCATALOG_COMPILER_APPICON_NAME = AppIcon;
				CODE_SIGN_STYLE = Automatic;
				DEVELOPMENT_TEAM = TX89U64L73;
				GCC_PRECOMPILE_PREFIX_HEADER = YES;
				GCC_PREFIX_HEADER = "$(SRCROOT)/MVVMDemo/MVVMDemo.pch";
				INFOPLIST_FILE = MVVMDemo/Info.plist;
				IPHONEOS_DEPLOYMENT_TARGET = 8.0;
				LD_RUNPATH_SEARCH_PATHS = "$(inherited) @executable_path/Frameworks";
				PRODUCT_BUNDLE_IDENTIFIER = com.tongbaotu.MVVMDemo;
				PRODUCT_NAME = "$(TARGET_NAME)";
				TARGETED_DEVICE_FAMILY = "1,2";
			};
			name = Debug;
		};
		FCA7ADB82057B0C60008BA95 /* Release */ = {
			isa = XCBuildConfiguration;
			baseConfigurationReference = AEDFA24BBB9B755472CDA80C /* Pods-MVVMDemo.release.xcconfig */;
			buildSettings = {
				ASSETCATALOG_COMPILER_APPICON_NAME = AppIcon;
				CODE_SIGN_STYLE = Automatic;
				DEVELOPMENT_TEAM = TX89U64L73;
				GCC_PRECOMPILE_PREFIX_HEADER = YES;
				GCC_PREFIX_HEADER = "$(SRCROOT)/MVVMDemo/MVVMDemo.pch";
				INFOPLIST_FILE = MVVMDemo/Info.plist;
				IPHONEOS_DEPLOYMENT_TARGET = 8.0;
				LD_RUNPATH_SEARCH_PATHS = "$(inherited) @executable_path/Frameworks";
				PRODUCT_BUNDLE_IDENTIFIER = com.tongbaotu.MVVMDemo;
				PRODUCT_NAME = "$(TARGET_NAME)";
				TARGETED_DEVICE_FAMILY = "1,2";
			};
			name = Release;
		};
		FCA7ADBA2057B0C60008BA95 /* Debug */ = {
			isa = XCBuildConfiguration;
			buildSettings = {
				BUNDLE_LOADER = "$(TEST_HOST)";
				CODE_SIGN_STYLE = Automatic;
				DEVELOPMENT_TEAM = TX89U64L73;
				INFOPLIST_FILE = MVVMDemoTests/Info.plist;
				LD_RUNPATH_SEARCH_PATHS = "$(inherited) @executable_path/Frameworks @loader_path/Frameworks";
				PRODUCT_BUNDLE_IDENTIFIER = com.tongbaotu.MVVMDemoTests;
				PRODUCT_NAME = "$(TARGET_NAME)";
				TARGETED_DEVICE_FAMILY = "1,2";
				TEST_HOST = "$(BUILT_PRODUCTS_DIR)/MVVMDemo.app/MVVMDemo";
			};
			name = Debug;
		};
		FCA7ADBB2057B0C60008BA95 /* Release */ = {
			isa = XCBuildConfiguration;
			buildSettings = {
				BUNDLE_LOADER = "$(TEST_HOST)";
				CODE_SIGN_STYLE = Automatic;
				DEVELOPMENT_TEAM = TX89U64L73;
				INFOPLIST_FILE = MVVMDemoTests/Info.plist;
				LD_RUNPATH_SEARCH_PATHS = "$(inherited) @executable_path/Frameworks @loader_path/Frameworks";
				PRODUCT_BUNDLE_IDENTIFIER = com.tongbaotu.MVVMDemoTests;
				PRODUCT_NAME = "$(TARGET_NAME)";
				TARGETED_DEVICE_FAMILY = "1,2";
				TEST_HOST = "$(BUILT_PRODUCTS_DIR)/MVVMDemo.app/MVVMDemo";
			};
			name = Release;
		};
		FCA7ADBD2057B0C60008BA95 /* Debug */ = {
			isa = XCBuildConfiguration;
			buildSettings = {
				CODE_SIGN_STYLE = Automatic;
				DEVELOPMENT_TEAM = TX89U64L73;
				INFOPLIST_FILE = MVVMDemoUITests/Info.plist;
				LD_RUNPATH_SEARCH_PATHS = "$(inherited) @executable_path/Frameworks @loader_path/Frameworks";
				PRODUCT_BUNDLE_IDENTIFIER = com.tongbaotu.MVVMDemoUITests;
				PRODUCT_NAME = "$(TARGET_NAME)";
				TARGETED_DEVICE_FAMILY = "1,2";
				TEST_TARGET_NAME = MVVMDemo;
			};
			name = Debug;
		};
		FCA7ADBE2057B0C60008BA95 /* Release */ = {
			isa = XCBuildConfiguration;
			buildSettings = {
				CODE_SIGN_STYLE = Automatic;
				DEVELOPMENT_TEAM = TX89U64L73;
				INFOPLIST_FILE = MVVMDemoUITests/Info.plist;
				LD_RUNPATH_SEARCH_PATHS = "$(inherited) @executable_path/Frameworks @loader_path/Frameworks";
				PRODUCT_BUNDLE_IDENTIFIER = com.tongbaotu.MVVMDemoUITests;
				PRODUCT_NAME = "$(TARGET_NAME)";
				TARGETED_DEVICE_FAMILY = "1,2";
				TEST_TARGET_NAME = MVVMDemo;
			};
			name = Release;
		};
/* End XCBuildConfiguration section */

/* Begin XCConfigurationList section */
		FCA7AD852057B0C50008BA95 /* Build configuration list for PBXProject "MVVMDemo" */ = {
			isa = XCConfigurationList;
			buildConfigurations = (
				FCA7ADB42057B0C60008BA95 /* Debug */,
				FCA7ADB52057B0C60008BA95 /* Release */,
			);
			defaultConfigurationIsVisible = 0;
			defaultConfigurationName = Release;
		};
		FCA7ADB62057B0C60008BA95 /* Build configuration list for PBXNativeTarget "MVVMDemo" */ = {
			isa = XCConfigurationList;
			buildConfigurations = (
				FCA7ADB72057B0C60008BA95 /* Debug */,
				FCA7ADB82057B0C60008BA95 /* Release */,
			);
			defaultConfigurationIsVisible = 0;
			defaultConfigurationName = Release;
		};
		FCA7ADB92057B0C60008BA95 /* Build configuration list for PBXNativeTarget "MVVMDemoTests" */ = {
			isa = XCConfigurationList;
			buildConfigurations = (
				FCA7ADBA2057B0C60008BA95 /* Debug */,
				FCA7ADBB2057B0C60008BA95 /* Release */,
			);
			defaultConfigurationIsVisible = 0;
			defaultConfigurationName = Release;
		};
		FCA7ADBC2057B0C60008BA95 /* Build configuration list for PBXNativeTarget "MVVMDemoUITests" */ = {
			isa = XCConfigurationList;
			buildConfigurations = (
				FCA7ADBD2057B0C60008BA95 /* Debug */,
				FCA7ADBE2057B0C60008BA95 /* Release */,
			);
			defaultConfigurationIsVisible = 0;
			defaultConfigurationName = Release;
		};
/* End XCConfigurationList section */
	};
	rootObject = FCA7AD822057B0C50008BA95 /* Project object */;
}
